
Microsoft Visual Studio Solution File, Format Version 12.00
# Visual Studio Version 17
VisualStudioVersion = 17.0.31903.59
MinimumVisualStudioVersion = 10.0.40219.1
Project("{FAE04EC0-301F-11D3-BF4B-00C04F79EFBC}") = "TestProject1", "TestProject1\TestProject1.csproj", "{BCC9696B-229F-4F33-B63B-7775C8D2D62E}"
EndProject
Project("{FAE04EC0-301F-11D3-BF4B-00C04F79EFBC}") = "ConsoleApp2", "ConsoleApp2\ConsoleApp2.csproj", "{31F30FDA-BD5F-4E3E-933F-21B8121D119E}"
EndProject
Global
	GlobalSection(SolutionConfigurationPlatforms) = preSolution
		Debug|Any CPU = Debug|Any CPU
		Release|Any CPU = Release|Any CPU
	EndGlobalSection
	GlobalSection(ProjectConfigurationPlatforms) = postSolution
		{BCC9696B-229F-4F33-B63B-7775C8D2D62E}.Debug|Any CPU.ActiveCfg = Debug|Any CPU
		{BCC9696B-229F-4F33-B63B-7775C8D2D62E}.Debug|Any CPU.Build.0 = Debug|Any CPU
		{BCC9696B-229F-4F33-B63B-7775C8D2D62E}.Release|Any CPU.ActiveCfg = Release|Any CPU
		{BCC9696B-229F-4F33-B63B-7775C8D2D62E}.Release|Any CPU.Build.0 = Release|Any CPU
		{31F30FDA-BD5F-4E3E-933F-21B8121D119E}.Debug|Any CPU.ActiveCfg = Debug|Any CPU
		{31F30FDA-BD5F-4E3E-933F-21B8121D119E}.Debug|Any CPU.Build.0 = Debug|Any CPU
		{31F30FDA-BD5F-4E3E-933F-21B8121D119E}.Release|Any CPU.ActiveCfg = Release|Any CPU
		{31F30FDA-BD5F-4E3E-933F-21B8121D119E}.Release|Any CPU.Build.0 = Release|Any CPU
	EndGlobalSection
	GlobalSection(SolutionProperties) = preSolution
		HideSolutionNode = FALSE
	EndGlobalSection
EndGlobal
