
Microsoft Visual Studio Solution File, Format Version 12.00
# Visual Studio Version 17
VisualStudioVersion = 17.7.34202.233
MinimumVisualStudioVersion = 10.0.40219.1
Project("{8BC9CEB8-8B4A-11D0-8D11-00A0C91BC942}") = "StringChecker", "StringChecker\StringChecker.vcxproj", "{7EC25669-6827-4D95-9FF8-B5F43F9FE083}"
EndProject
Project("{8BC9CEB8-8B4A-11D0-8D11-00A0C91BC942}") = "MainApp", "MainApp\MainApp.vcxproj", "{1B6919C7-F954-4526-A227-26F2A9C8C052}"
EndProject
Global
	GlobalSection(SolutionConfigurationPlatforms) = preSolution
		Debug|x64 = Debug|x64
		Debug|x86 = Debug|x86
		Release|x64 = Release|x64
		Release|x86 = Release|x86
	EndGlobalSection
	GlobalSection(ProjectConfigurationPlatforms) = postSolution
		{7EC25669-6827-4D95-9FF8-B5F43F9FE083}.Debug|x64.ActiveCfg = Debug|x64
		{7EC25669-6827-4D95-9FF8-B5F43F9FE083}.Debug|x64.Build.0 = Debug|x64
		{7EC25669-6827-4D95-9FF8-B5F43F9FE083}.Debug|x86.ActiveCfg = Debug|Win32
		{7EC25669-6827-4D95-9FF8-B5F43F9FE083}.Debug|x86.Build.0 = Debug|Win32
		{7EC25669-6827-4D95-9FF8-B5F43F9FE083}.Release|x64.ActiveCfg = Release|x64
		{7EC25669-6827-4D95-9FF8-B5F43F9FE083}.Release|x64.Build.0 = Release|x64
		{7EC25669-6827-4D95-9FF8-B5F43F9FE083}.Release|x86.ActiveCfg = Release|Win32
		{7EC25669-6827-4D95-9FF8-B5F43F9FE083}.Release|x86.Build.0 = Release|Win32
		{1B6919C7-F954-4526-A227-26F2A9C8C052}.Debug|x64.ActiveCfg = Debug|x64
		{1B6919C7-F954-4526-A227-26F2A9C8C052}.Debug|x64.Build.0 = Debug|x64
		{1B6919C7-F954-4526-A227-26F2A9C8C052}.Debug|x86.ActiveCfg = Debug|Win32
		{1B6919C7-F954-4526-A227-26F2A9C8C052}.Debug|x86.Build.0 = Debug|Win32
		{1B6919C7-F954-4526-A227-26F2A9C8C052}.Release|x64.ActiveCfg = Release|x64
		{1B6919C7-F954-4526-A227-26F2A9C8C052}.Release|x64.Build.0 = Release|x64
		{1B6919C7-F954-4526-A227-26F2A9C8C052}.Release|x86.ActiveCfg = Release|Win32
		{1B6919C7-F954-4526-A227-26F2A9C8C052}.Release|x86.Build.0 = Release|Win32
	EndGlobalSection
	GlobalSection(SolutionProperties) = preSolution
		HideSolutionNode = FALSE
	EndGlobalSection
	GlobalSection(ExtensibilityGlobals) = postSolution
		SolutionGuid = {8D47291F-4E8F-4DAC-A93A-926DB83C129E}
	EndGlobalSection
EndGlobal
