
Microsoft Visual Studio Solution File, Format Version 12.00
# Visual Studio Version 17
VisualStudioVersion = 17.7.34031.279
MinimumVisualStudioVersion = 10.0.40219.1
Project("{FAE04EC0-301F-11D3-BF4B-00C04F79EFBC}") = "Piano", "Piano\Piano.csproj", "{EA69B423-118B-4F33-B459-0D0FF8B450CA}"
EndProject
Global
	GlobalSection(SolutionConfigurationPlatforms) = preSolution
		Debug|Any CPU = Debug|Any CPU
		Release|Any CPU = Release|Any CPU
	EndGlobalSection
	GlobalSection(ProjectConfigurationPlatforms) = postSolution
		{EA69B423-118B-4F33-B459-0D0FF8B450CA}.Debug|Any CPU.ActiveCfg = Debug|Any CPU
		{EA69B423-118B-4F33-B459-0D0FF8B450CA}.Debug|Any CPU.Build.0 = Debug|Any CPU
		{EA69B423-118B-4F33-B459-0D0FF8B450CA}.Release|Any CPU.ActiveCfg = Release|Any CPU
		{EA69B423-118B-4F33-B459-0D0FF8B450CA}.Release|Any CPU.Build.0 = Release|Any CPU
	EndGlobalSection
	GlobalSection(SolutionProperties) = preSolution
		HideSolutionNode = FALSE
	EndGlobalSection
	GlobalSection(ExtensibilityGlobals) = postSolution
		SolutionGuid = {0023E81D-BD73-49DF-B2AB-D1BC6285CE32}
	EndGlobalSection
EndGlobal
