
Microsoft Visual Studio Solution File, Format Version 12.00
# Visual Studio Version 17
VisualStudioVersion = 17.8.34525.116
MinimumVisualStudioVersion = 10.0.40219.1
Project("{9A19103F-16F7-4668-BE54-9A1E7A4F7556}") = "Praktos8", "Praktos5\Praktos8.csproj", "{DA6AF330-65FA-4417-9A2F-A06A1A610EAA}"
EndProject
Project("{9A19103F-16F7-4668-BE54-9A1E7A4F7556}") = "JsonLibrary", "JsonLibrary\JsonLibrary.csproj", "{2F3E63CB-E156-4541-AFEC-F18BFEBBBD14}"
EndProject
Project("{FAE04EC0-301F-11D3-BF4B-00C04F79EFBC}") = "MVVMHelperLibrary", "MVVMHelperLibrary\MVVMHelperLibrary.csproj", "{9C5B4768-5AD6-4C7D-A22A-75AAC72550ED}"
EndProject
Global
	GlobalSection(SolutionConfigurationPlatforms) = preSolution
		Debug|Any CPU = Debug|Any CPU
		Release|Any CPU = Release|Any CPU
	EndGlobalSection
	GlobalSection(ProjectConfigurationPlatforms) = postSolution
		{DA6AF330-65FA-4417-9A2F-A06A1A610EAA}.Debug|Any CPU.ActiveCfg = Debug|Any CPU
		{DA6AF330-65FA-4417-9A2F-A06A1A610EAA}.Debug|Any CPU.Build.0 = Debug|Any CPU
		{DA6AF330-65FA-4417-9A2F-A06A1A610EAA}.Release|Any CPU.ActiveCfg = Release|Any CPU
		{DA6AF330-65FA-4417-9A2F-A06A1A610EAA}.Release|Any CPU.Build.0 = Release|Any CPU
		{2F3E63CB-E156-4541-AFEC-F18BFEBBBD14}.Debug|Any CPU.ActiveCfg = Debug|Any CPU
		{2F3E63CB-E156-4541-AFEC-F18BFEBBBD14}.Debug|Any CPU.Build.0 = Debug|Any CPU
		{2F3E63CB-E156-4541-AFEC-F18BFEBBBD14}.Release|Any CPU.ActiveCfg = Release|Any CPU
		{2F3E63CB-E156-4541-AFEC-F18BFEBBBD14}.Release|Any CPU.Build.0 = Release|Any CPU
		{9C5B4768-5AD6-4C7D-A22A-75AAC72550ED}.Debug|Any CPU.ActiveCfg = Debug|Any CPU
		{9C5B4768-5AD6-4C7D-A22A-75AAC72550ED}.Debug|Any CPU.Build.0 = Debug|Any CPU
		{9C5B4768-5AD6-4C7D-A22A-75AAC72550ED}.Release|Any CPU.ActiveCfg = Release|Any CPU
		{9C5B4768-5AD6-4C7D-A22A-75AAC72550ED}.Release|Any CPU.Build.0 = Release|Any CPU
	EndGlobalSection
	GlobalSection(SolutionProperties) = preSolution
		HideSolutionNode = FALSE
	EndGlobalSection
	GlobalSection(ExtensibilityGlobals) = postSolution
		SolutionGuid = {1322C713-B037-44FB-A6D0-3A595C4910E5}
	EndGlobalSection
EndGlobal
