
Microsoft Visual Studio Solution File, Format Version 12.00
# Visual Studio Version 17
VisualStudioVersion = 17.9.34701.34
MinimumVisualStudioVersion = 10.0.40219.1
Project("{FAE04EC0-301F-11D3-BF4B-00C04F79EFBC}") = "XPrimary", "XPrimary\XPrimary.csproj", "{B52D7B01-D923-409F-8BFC-30543B7C9C30}"
EndProject
Global
	GlobalSection(SolutionConfigurationPlatforms) = preSolution
		Debug|Any CPU = Debug|Any CPU
		Release|Any CPU = Release|Any CPU
	EndGlobalSection
	GlobalSection(ProjectConfigurationPlatforms) = postSolution
		{B52D7B01-D923-409F-8BFC-30543B7C9C30}.Debug|Any CPU.ActiveCfg = Debug|Any CPU
		{B52D7B01-D923-409F-8BFC-30543B7C9C30}.Debug|Any CPU.Build.0 = Debug|Any CPU
		{B52D7B01-D923-409F-8BFC-30543B7C9C30}.Release|Any CPU.ActiveCfg = Release|Any CPU
		{B52D7B01-D923-409F-8BFC-30543B7C9C30}.Release|Any CPU.Build.0 = Release|Any CPU
	EndGlobalSection
	GlobalSection(SolutionProperties) = preSolution
		HideSolutionNode = FALSE
	EndGlobalSection
	GlobalSection(ExtensibilityGlobals) = postSolution
		SolutionGuid = {FFA32A6A-ED09-466B-871E-0E1AE7313357}
	EndGlobalSection
EndGlobal
