
Microsoft Visual Studio Solution File, Format Version 12.00
# Visual Studio Version 17
VisualStudioVersion = 17.7.34031.279
MinimumVisualStudioVersion = 10.0.40219.1
Project("{FAE04EC0-301F-11D3-BF4B-00C04F79EFBC}") = "Calculator", "Calculator\Calculator.csproj", "{7CD9596C-DFEF-4473-AFCF-DF6066D3026A}"
EndProject
Global
	GlobalSection(SolutionConfigurationPlatforms) = preSolution
		Debug|Any CPU = Debug|Any CPU
		Release|Any CPU = Release|Any CPU
	EndGlobalSection
	GlobalSection(ProjectConfigurationPlatforms) = postSolution
		{7CD9596C-DFEF-4473-AFCF-DF6066D3026A}.Debug|Any CPU.ActiveCfg = Debug|Any CPU
		{7CD9596C-DFEF-4473-AFCF-DF6066D3026A}.Debug|Any CPU.Build.0 = Debug|Any CPU
		{7CD9596C-DFEF-4473-AFCF-DF6066D3026A}.Release|Any CPU.ActiveCfg = Release|Any CPU
		{7CD9596C-DFEF-4473-AFCF-DF6066D3026A}.Release|Any CPU.Build.0 = Release|Any CPU
	EndGlobalSection
	GlobalSection(SolutionProperties) = preSolution
		HideSolutionNode = FALSE
	EndGlobalSection
	GlobalSection(ExtensibilityGlobals) = postSolution
		SolutionGuid = {9B537032-EDC4-4047-A41B-B7F3750B6591}
	EndGlobalSection
EndGlobal
