
Microsoft Visual Studio Solution File, Format Version 12.00
# Visual Studio Version 17
VisualStudioVersion = 17.7.34221.43
MinimumVisualStudioVersion = 10.0.40219.1
Project("{FAE04EC0-301F-11D3-BF4B-00C04F79EFBC}") = "RapidTyping", "RapidTyping\RapidTyping.csproj", "{6C75945C-3561-4132-8750-66C92EBAB355}"
EndProject
Global
	GlobalSection(SolutionConfigurationPlatforms) = preSolution
		Debug|Any CPU = Debug|Any CPU
		Release|Any CPU = Release|Any CPU
	EndGlobalSection
	GlobalSection(ProjectConfigurationPlatforms) = postSolution
		{6C75945C-3561-4132-8750-66C92EBAB355}.Debug|Any CPU.ActiveCfg = Debug|Any CPU
		{6C75945C-3561-4132-8750-66C92EBAB355}.Debug|Any CPU.Build.0 = Debug|Any CPU
		{6C75945C-3561-4132-8750-66C92EBAB355}.Release|Any CPU.ActiveCfg = Release|Any CPU
		{6C75945C-3561-4132-8750-66C92EBAB355}.Release|Any CPU.Build.0 = Release|Any CPU
	EndGlobalSection
	GlobalSection(SolutionProperties) = preSolution
		HideSolutionNode = FALSE
	EndGlobalSection
	GlobalSection(ExtensibilityGlobals) = postSolution
		SolutionGuid = {5D72FD99-5016-432E-890D-F8E5A62C1D36}
	EndGlobalSection
EndGlobal
